// !$*UTF8*$!
{
	archiveVersion = 1;
	classes = {
	};
	objectVersion = 46;
	objects = {

/* Begin PBXBuildFile section */
		A7B63FA0218BCA7D006E90EF /* GetWeather.swift in Sources */ = {isa = PBXBuildFile; fileRef = A7B63F9F218BCA7D006E90EF /* GetWeather.swift */; };
		A7BE55BE218A989B00631C06 /* AppDelegate.swift in Sources */ = {isa = PBXBuildFile; fileRef = A7BE55BD218A989B00631C06 /* AppDelegate.swift */; };
		A7BE55C0218A989B00631C06 /* ViewController.swift in Sources */ = {isa = PBXBuildFile; fileRef = A7BE55BF218A989B00631C06 /* ViewController.swift */; };
		A7BE55C3218A989B00631C06 /* Main.storyboard in Resources */ = {isa = PBXBuildFile; fileRef = A7BE55C1218A989B00631C06 /* Main.storyboard */; };
		A7BE55C5218A989B00631C06 /* Assets.xcassets in Resources */ = {isa = PBXBuildFile; fileRef = A7BE55C4218A989B00631C06 /* Assets.xcassets */; };
		A7BE55C8218A989B00631C06 /* LaunchScreen.storyboard in Resources */ = {isa = PBXBuildFile; fileRef = A7BE55C6218A989B00631C06 /* LaunchScreen.storyboard */; };
		A7BE55D3218A989B00631C06 /* WeatherTests.swift in Sources */ = {isa = PBXBuildFile; fileRef = A7BE55D2218A989B00631C06 /* WeatherTests.swift */; };
		A7BE55DE218A989B00631C06 /* WeatherUITests.swift in Sources */ = {isa = PBXBuildFile; fileRef = A7BE55DD218A989B00631C06 /* WeatherUITests.swift */; };
/* End PBXBuildFile section */

/* Begin PBXContainerItemProxy section */
		A7BE55CF218A989B00631C06 /* PBXContainerItemProxy */ = {
			isa = PBXContainerItemProxy;
			containerPortal = A7BE55B2218A989B00631C06 /* Project object */;
			proxyType = 1;
			remoteGlobalIDString = A7BE55B9218A989B00631C06;
			remoteInfo = Weather;
		};
		A7BE55DA218A989B00631C06 /* PBXContainerItemProxy */ = {
			isa = PBXContainerItemProxy;
			containerPortal = A7BE55B2218A989B00631C06 /* Project object */;
			proxyType = 1;
			remoteGlobalIDString = A7BE55B9218A989B00631C06;
			remoteInfo = Weather;
		};
/* End PBXContainerItemProxy section */

/* Begin PBXFileReference section */
		A7B63F9F218BCA7D006E90EF /* GetWeather.swift */ = {isa = PBXFileReference; fileEncoding = 4; lastKnownFileType = sourcecode.swift; path = GetWeather.swift; sourceTree = "<group>"; };
		A7BE55BA218A989B00631C06 /* Weather.app */ = {isa = PBXFileReference; explicitFileType = wrapper.application; includeInIndex = 0; path = Weather.app; sourceTree = BUILT_PRODUCTS_DIR; };
		A7BE55BD218A989B00631C06 /* AppDelegate.swift */ = {isa = PBXFileReference; lastKnownFileType = sourcecode.swift; path = AppDelegate.swift; sourceTree = "<group>"; };
		A7BE55BF218A989B00631C06 /* ViewController.swift */ = {isa = PBXFileReference; lastKnownFileType = sourcecode.swift; path = ViewController.swift; sourceTree = "<group>"; wrapsLines = 1; };
		A7BE55C2218A989B00631C06 /* Base */ = {isa = PBXFileReference; lastKnownFileType = file.storyboard; name = Base; path = Base.lproj/Main.storyboard; sourceTree = "<group>"; };
		A7BE55C4218A989B00631C06 /* Assets.xcassets */ = {isa = PBXFileReference; lastKnownFileType = folder.assetcatalog; path = Assets.xcassets; sourceTree = "<group>"; };
		A7BE55C7218A989B00631C06 /* Base */ = {isa = PBXFileReference; lastKnownFileType = file.storyboard; name = Base; path = Base.lproj/LaunchScreen.storyboard; sourceTree = "<group>"; };
		A7BE55C9218A989B00631C06 /* Info.plist */ = {isa = PBXFileReference; lastKnownFileType = text.plist.xml; path = Info.plist; sourceTree = "<group>"; };
		A7BE55CE218A989B00631C06 /* WeatherTests.xctest */ = {isa = PBXFileReference; explicitFileType = wrapper.cfbundle; includeInIndex = 0; path = WeatherTests.xctest; sourceTree = BUILT_PRODUCTS_DIR; };
		A7BE55D2218A989B00631C06 /* WeatherTests.swift */ = {isa = PBXFileReference; lastKnownFileType = sourcecode.swift; path = WeatherTests.swift; sourceTree = "<group>"; };
		A7BE55D4218A989B00631C06 /* Info.plist */ = {isa = PBXFileReference; lastKnownFileType = text.plist.xml; path = Info.plist; sourceTree = "<group>"; };
		A7BE55D9218A989B00631C06 /* WeatherUITests.xctest */ = {isa = PBXFileReference; explicitFileType = wrapper.cfbundle; includeInIndex = 0; path = WeatherUITests.xctest; sourceTree = BUILT_PRODUCTS_DIR; };
		A7BE55DD218A989B00631C06 /* WeatherUITests.swift */ = {isa = PBXFileReference; lastKnownFileType = sourcecode.swift; path = WeatherUITests.swift; sourceTree = "<group>"; };
		A7BE55DF218A989B00631C06 /* Info.plist */ = {isa = PBXFileReference; lastKnownFileType = text.plist.xml; path = Info.plist; sourceTree = "<group>"; };
/* End PBXFileReference section */

/* Begin PBXFrameworksBuildPhase section */
		A7BE55B7218A989B00631C06 /* Frameworks */ = {
			isa = PBXFrameworksBuildPhase;
			buildActionMask = 2147483647;
			files = (
			);
			runOnlyForDeploymentPostprocessing = 0;
		};
		A7BE55CB218A989B00631C06 /* Frameworks */ = {
			isa = PBXFrameworksBuildPhase;
			buildActionMask = 2147483647;
			files = (
			);
			runOnlyForDeploymentPostprocessing = 0;
		};
		A7BE55D6218A989B00631C06 /* Frameworks */ = {
			isa = PBXFrameworksBuildPhase;
			buildActionMask = 2147483647;
			files = (
			);
			runOnlyForDeploymentPostprocessing = 0;
		};
/* End PBXFrameworksBuildPhase section */

/* Begin PBXGroup section */
		A7BE55B1218A989B00631C06 = {
			isa = PBXGroup;
			children = (
				A7BE55BC218A989B00631C06 /* Weather */,
				A7BE55D1218A989B00631C06 /* WeatherTests */,
				A7BE55DC218A989B00631C06 /* WeatherUITests */,
				A7BE55BB218A989B00631C06 /* Products */,
			);
			sourceTree = "<group>";
		};
		A7BE55BB218A989B00631C06 /* Products */ = {
			isa = PBXGroup;
			children = (
				A7BE55BA218A989B00631C06 /* Weather.app */,
				A7BE55CE218A989B00631C06 /* WeatherTests.xctest */,
				A7BE55D9218A989B00631C06 /* WeatherUITests.xctest */,
			);
			name = Products;
			sourceTree = "<group>";
		};
		A7BE55BC218A989B00631C06 /* Weather */ = {
			isa = PBXGroup;
			children = (
				A7BE55BD218A989B00631C06 /* AppDelegate.swift */,
				A7BE55BF218A989B00631C06 /* ViewController.swift */,
				A7BE55C1218A989B00631C06 /* Main.storyboard */,
				A7B63F9F218BCA7D006E90EF /* GetWeather.swift */,
				A7BE55C4218A989B00631C06 /* Assets.xcassets */,
				A7BE55C6218A989B00631C06 /* LaunchScreen.storyboard */,
				A7BE55C9218A989B00631C06 /* Info.plist */,
			);
			path = Weather;
			sourceTree = "<group>";
		};
		A7BE55D1218A989B00631C06 /* WeatherTests */ = {
			isa = PBXGroup;
			children = (
				A7BE55D2218A989B00631C06 /* WeatherTests.swift */,
				A7BE55D4218A989B00631C06 /* Info.plist */,
			);
			path = WeatherTests;
			sourceTree = "<group>";
		};
		A7BE55DC218A989B00631C06 /* WeatherUITests */ = {
			isa = PBXGroup;
			children = (
				A7BE55DD218A989B00631C06 /* WeatherUITests.swift */,
				A7BE55DF218A989B00631C06 /* Info.plist */,
			);
			path = WeatherUITests;
			sourceTree = "<group>";
		};
/* End PBXGroup section */

/* Begin PBXNativeTarget section */
		A7BE55B9218A989B00631C06 /* Weather */ = {
			isa = PBXNativeTarget;
			buildConfigurationList = A7BE55E2218A989B00631C06 /* Build configuration list for PBXNativeTarget "Weather" */;
			buildPhases = (
				A7BE55B6218A989B00631C06 /* Sources */,
				A7BE55B7218A989B00631C06 /* Frameworks */,
				A7BE55B8218A989B00631C06 /* Resources */,
			);
			buildRules = (
			);
			dependencies = (
			);
			name = Weather;
			productName = Weather;
			productReference = A7BE55BA218A989B00631C06 /* Weather.app */;
			productType = "com.apple.product-type.application";
		};
		A7BE55CD218A989B00631C06 /* WeatherTests */ = {
			isa = PBXNativeTarget;
			buildConfigurationList = A7BE55E5218A989B00631C06 /* Build configuration list for PBXNativeTarget "WeatherTests" */;
			buildPhases = (
				A7BE55CA218A989B00631C06 /* Sources */,
				A7BE55CB218A989B00631C06 /* Frameworks */,
				A7BE55CC218A989B00631C06 /* Resources */,
			);
			buildRules = (
			);
			dependencies = (
				A7BE55D0218A989B00631C06 /* PBXTargetDependency */,
			);
			name = WeatherTests;
			productName = WeatherTests;
			productReference = A7BE55CE218A989B00631C06 /* WeatherTests.xctest */;
			productType = "com.apple.product-type.bundle.unit-test";
		};
		A7BE55D8218A989B00631C06 /* WeatherUITests */ = {
			isa = PBXNativeTarget;
			buildConfigurationList = A7BE55E8218A989B00631C06 /* Build configuration list for PBXNativeTarget "WeatherUITests" */;
			buildPhases = (
				A7BE55D5218A989B00631C06 /* Sources */,
				A7BE55D6218A989B00631C06 /* Frameworks */,
				A7BE55D7218A989B00631C06 /* Resources */,
			);
			buildRules = (
			);
			dependencies = (
				A7BE55DB218A989B00631C06 /* PBXTargetDependency */,
			);
			name = WeatherUITests;
			productName = WeatherUITests;
			productReference = A7BE55D9218A989B00631C06 /* WeatherUITests.xctest */;
			productType = "com.apple.product-type.bundle.ui-testing";
		};
/* End PBXNativeTarget section */

/* Begin PBXProject section */
		A7BE55B2218A989B00631C06 /* Project object */ = {
			isa = PBXProject;
			attributes = {
				LastSwiftUpdateCheck = 0830;
				LastUpgradeCheck = 0830;
				ORGANIZATIONNAME = "Oliver Green";
				TargetAttributes = {
					A7BE55B9218A989B00631C06 = {
						CreatedOnToolsVersion = 8.3.2;
						DevelopmentTeam = 7Q4532Y2KQ;
						ProvisioningStyle = Automatic;
					};
					A7BE55CD218A989B00631C06 = {
						CreatedOnToolsVersion = 8.3.2;
						DevelopmentTeam = 7Q4532Y2KQ;
						ProvisioningStyle = Automatic;
						TestTargetID = A7BE55B9218A989B00631C06;
					};
					A7BE55D8218A989B00631C06 = {
						CreatedOnToolsVersion = 8.3.2;
						DevelopmentTeam = 7Q4532Y2KQ;
						ProvisioningStyle = Automatic;
						TestTargetID = A7BE55B9218A989B00631C06;
					};
				};
			};
			buildConfigurationList = A7BE55B5218A989B00631C06 /* Build configuration list for PBXProject "Weather" */;
			compatibilityVersion = "Xcode 3.2";
			developmentRegion = English;
			hasScannedForEncodings = 0;
			knownRegions = (
				en,
				Base,
			);
			mainGroup = A7BE55B1218A989B00631C06;
			productRefGroup = A7BE55BB218A989B00631C06 /* Products */;
			projectDirPath = "";
			projectRoot = "";
			targets = (
				A7BE55B9218A989B00631C06 /* Weather */,
				A7BE55CD218A989B00631C06 /* WeatherTests */,
				A7BE55D8218A989B00631C06 /* WeatherUITests */,
			);
		};
/* End PBXProject section */

/* Begin PBXResourcesBuildPhase section */
		A7BE55B8218A989B00631C06 /* Resources */ = {
			isa = PBXResourcesBuildPhase;
			buildActionMask = 2147483647;
			files = (
				A7BE55C8218A989B00631C06 /* LaunchScreen.storyboard in Resources */,
				A7BE55C5218A989B00631C06 /* Assets.xcassets in Resources */,
				A7BE55C3218A989B00631C06 /* Main.storyboard in Resources */,
			);
			runOnlyForDeploymentPostprocessing = 0;
		};
		A7BE55CC218A989B00631C06 /* Resources */ = {
			isa = PBXResourcesBuildPhase;
			buildActionMask = 2147483647;
			files = (
			);
			runOnlyForDeploymentPostprocessing = 0;
		};
		A7BE55D7218A989B00631C06 /* Resources */ = {
			isa = PBXResourcesBuildPhase;
			buildActionMask = 2147483647;
			files = (
			);
			runOnlyForDeploymentPostprocessing = 0;
		};
/* End PBXResourcesBuildPhase section */

/* Begin PBXSourcesBuildPhase section */
		A7BE55B6218A989B00631C06 /* Sources */ = {
			isa = PBXSourcesBuildPhase;
			buildActionMask = 2147483647;
			files = (
				A7BE55C0218A989B00631C06 /* ViewController.swift in Sources */,
				A7BE55BE218A989B00631C06 /* AppDelegate.swift in Sources */,
				A7B63FA0218BCA7D006E90EF /* GetWeather.swift in Sources */,
			);
			runOnlyForDeploymentPostprocessing = 0;
		};
		A7BE55CA218A989B00631C06 /* Sources */ = {
			isa = PBXSourcesBuildPhase;
			buildActionMask = 2147483647;
			files = (
				A7BE55D3218A989B00631C06 /* WeatherTests.swift in Sources */,
			);
			runOnlyForDeploymentPostprocessing = 0;
		};
		A7BE55D5218A989B00631C06 /* Sources */ = {
			isa = PBXSourcesBuildPhase;
			buildActionMask = 2147483647;
			files = (
				A7BE55DE218A989B00631C06 /* WeatherUITests.swift in Sources */,
			);
			runOnlyForDeploymentPostprocessing = 0;
		};
/* End PBXSourcesBuildPhase section */

/* Begin PBXTargetDependency section */
		A7BE55D0218A989B00631C06 /* PBXTargetDependency */ = {
			isa = PBXTargetDependency;
			target = A7BE55B9218A989B00631C06 /* Weather */;
			targetProxy = A7BE55CF218A989B00631C06 /* PBXContainerItemProxy */;
		};
		A7BE55DB218A989B00631C06 /* PBXTargetDependency */ = {
			isa = PBXTargetDependency;
			target = A7BE55B9218A989B00631C06 /* Weather */;
			targetProxy = A7BE55DA218A989B00631C06 /* PBXContainerItemProxy */;
		};
/* End PBXTargetDependency section */

/* Begin PBXVariantGroup section */
		A7BE55C1218A989B00631C06 /* Main.storyboard */ = {
			isa = PBXVariantGroup;
			children = (
				A7BE55C2218A989B00631C06 /* Base */,
			);
			name = Main.storyboard;
			sourceTree = "<group>";
		};
		A7BE55C6218A989B00631C06 /* LaunchScreen.storyboard */ = {
			isa = PBXVariantGroup;
			children = (
				A7BE55C7218A989B00631C06 /* Base */,
			);
			name = LaunchScreen.storyboard;
			sourceTree = "<group>";
		};
/* End PBXVariantGroup section */

/* Begin XCBuildConfiguration section */
		A7BE55E0218A989B00631C06 /* Debug */ = {
			isa = XCBuildConfiguration;
			buildSettings = {
				ALWAYS_SEARCH_USER_PATHS = NO;
				CLANG_ANALYZER_NONNULL = YES;
				CLANG_ANALYZER_NUMBER_OBJECT_CONVERSION = YES_AGGRESSIVE;
				CLANG_CXX_LANGUAGE_STANDARD = "gnu++0x";
				CLANG_CXX_LIBRARY = "libc++";
				CLANG_ENABLE_MODULES = YES;
				CLANG_ENABLE_OBJC_ARC = YES;
				CLANG_WARN_BOOL_CONVERSION = YES;
				CLANG_WARN_CONSTANT_CONVERSION = YES;
				CLANG_WARN_DIRECT_OBJC_ISA_USAGE = YES_ERROR;
				CLANG_WARN_DOCUMENTATION_COMMENTS = YES;
				CLANG_WARN_EMPTY_BODY = YES;
				CLANG_WARN_ENUM_CONVERSION = YES;
				CLANG_WARN_INFINITE_RECURSION = YES;
				CLANG_WARN_INT_CONVERSION = YES;
				CLANG_WARN_OBJC_ROOT_CLASS = YES_ERROR;
				CLANG_WARN_SUSPICIOUS_MOVE = YES;
				CLANG_WARN_UNREACHABLE_CODE = YES;
				CLANG_WARN__DUPLICATE_METHOD_MATCH = YES;
				"CODE_SIGN_IDENTITY[sdk=iphoneos*]" = "iPhone Developer";
				COPY_PHASE_STRIP = NO;
				DEBUG_INFORMATION_FORMAT = dwarf;
				ENABLE_STRICT_OBJC_MSGSEND = YES;
				ENABLE_TESTABILITY = YES;
				GCC_C_LANGUAGE_STANDARD = gnu99;
				GCC_DYNAMIC_NO_PIC = NO;
				GCC_NO_COMMON_BLOCKS = YES;
				GCC_OPTIMIZATION_LEVEL = 0;
				GCC_PREPROCESSOR_DEFINITIONS = (
					"DEBUG=1",
					"$(inherited)",
				);
				GCC_WARN_64_TO_32_BIT_CONVERSION = YES;
				GCC_WARN_ABOUT_RETURN_TYPE = YES_ERROR;
				GCC_WARN_UNDECLARED_SELECTOR = YES;
				GCC_WARN_UNINITIALIZED_AUTOS = YES_AGGRESSIVE;
				GCC_WARN_UNUSED_FUNCTION = YES;
				GCC_WARN_UNUSED_VARIABLE = YES;
				IPHONEOS_DEPLOYMENT_TARGET = 10.3;
				MTL_ENABLE_DEBUG_INFO = YES;
				ONLY_ACTIVE_ARCH = YES;
				SDKROOT = iphoneos;
				SWIFT_ACTIVE_COMPILATION_CONDITIONS = DEBUG;
				SWIFT_OPTIMIZATION_LEVEL = "-Onone";
				TARGETED_DEVICE_FAMILY = "1,2";
			};
			name = Debug;
		};
		A7BE55E1218A989B00631C06 /* Release */ = {
			isa = XCBuildConfiguration;
			buildSettings = {
				ALWAYS_SEARCH_USER_PATHS = NO;
				CLANG_ANALYZER_NONNULL = YES;
				CLANG_ANALYZER_NUMBER_OBJECT_CONVERSION = YES_AGGRESSIVE;
				CLANG_CXX_LANGUAGE_STANDARD = "gnu++0x";
				CLANG_CXX_LIBRARY = "libc++";
				CLANG_ENABLE_MODULES = YES;
				CLANG_ENABLE_OBJC_ARC = YES;
				CLANG_WARN_BOOL_CONVERSION = YES;
				CLANG_WARN_CONSTANT_CONVERSION = YES;
				CLANG_WARN_DIRECT_OBJC_ISA_USAGE = YES_ERROR;
				CLANG_WARN_DOCUMENTATION_COMMENTS = YES;
				CLANG_WARN_EMPTY_BODY = YES;
				CLANG_WARN_ENUM_CONVERSION = YES;
				CLANG_WARN_INFINITE_RECURSION = YES;
				CLANG_WARN_INT_CONVERSION = YES;
				CLANG_WARN_OBJC_ROOT_CLASS = YES_ERROR;
				CLANG_WARN_SUSPICIOUS_MOVE = YES;
				CLANG_WARN_UNREACHABLE_CODE = YES;
				CLANG_WARN__DUPLICATE_METHOD_MATCH = YES;
				"CODE_SIGN_IDENTITY[sdk=iphoneos*]" = "iPhone Developer";
				COPY_PHASE_STRIP = NO;
				DEBUG_INFORMATION_FORMAT = "dwarf-with-dsym";
				ENABLE_NS_ASSERTIONS = NO;
				ENABLE_STRICT_OBJC_MSGSEND = YES;
				GCC_C_LANGUAGE_STANDARD = gnu99;
				GCC_NO_COMMON_BLOCKS = YES;
				GCC_WARN_64_TO_32_BIT_CONVERSION = YES;
				GCC_WARN_ABOUT_RETURN_TYPE = YES_ERROR;
				GCC_WARN_UNDECLARED_SELECTOR = YES;
				GCC_WARN_UNINITIALIZED_AUTOS = YES_AGGRESSIVE;
				GCC_WARN_UNUSED_FUNCTION = YES;
				GCC_WARN_UNUSED_VARIABLE = YES;
				IPHONEOS_DEPLOYMENT_TARGET = 10.3;
				MTL_ENABLE_DEBUG_INFO = NO;
				SDKROOT = iphoneos;
				SWIFT_OPTIMIZATION_LEVEL = "-Owholemodule";
				TARGETED_DEVICE_FAMILY = "1,2";
				VALIDATE_PRODUCT = YES;
			};
			name = Release;
		};
		A7BE55E3218A989B00631C06 /* Debug */ = {
			isa = XCBuildConfiguration;
			buildSettings = {
				ASSETCATALOG_COMPILER_APPICON_NAME = AppIcon;
				DEVELOPMENT_TEAM = 7Q4532Y2KQ;
				INFOPLIST_FILE = Weather/Info.plist;
				LD_RUNPATH_SEARCH_PATHS = "$(inherited) @executable_path/Frameworks";
				PRODUCT_BUNDLE_IDENTIFIER = com.oliverportfolio.Weather;
				PRODUCT_NAME = "$(TARGET_NAME)";
				SWIFT_VERSION = 3.0;
			};
			name = Debug;
		};
		A7BE55E4218A989B00631C06 /* Release */ = {
			isa = XCBuildConfiguration;
			buildSettings = {
				ASSETCATALOG_COMPILER_APPICON_NAME = AppIcon;
				DEVELOPMENT_TEAM = 7Q4532Y2KQ;
				INFOPLIST_FILE = Weather/Info.plist;
				LD_RUNPATH_SEARCH_PATHS = "$(inherited) @executable_path/Frameworks";
				PRODUCT_BUNDLE_IDENTIFIER = com.oliverportfolio.Weather;
				PRODUCT_NAME = "$(TARGET_NAME)";
				SWIFT_VERSION = 3.0;
			};
			name = Release;
		};
		A7BE55E6218A989B00631C06 /* Debug */ = {
			isa = XCBuildConfiguration;
			buildSettings = {
				ALWAYS_EMBED_SWIFT_STANDARD_LIBRARIES = YES;
				BUNDLE_LOADER = "$(TEST_HOST)";
				DEVELOPMENT_TEAM = 7Q4532Y2KQ;
				INFOPLIST_FILE = WeatherTests/Info.plist;
				LD_RUNPATH_SEARCH_PATHS = "$(inherited) @executable_path/Frameworks @loader_path/Frameworks";
				PRODUCT_BUNDLE_IDENTIFIER = com.oliverportfolio.WeatherTests;
				PRODUCT_NAME = "$(TARGET_NAME)";
				SWIFT_VERSION = 3.0;
				TEST_HOST = "$(BUILT_PRODUCTS_DIR)/Weather.app/Weather";
			};
			name = Debug;
		};
		A7BE55E7218A989B00631C06 /* Release */ = {
			isa = XCBuildConfiguration;
			buildSettings = {
				ALWAYS_EMBED_SWIFT_STANDARD_LIBRARIES = YES;
				BUNDLE_LOADER = "$(TEST_HOST)";
				DEVELOPMENT_TEAM = 7Q4532Y2KQ;
				INFOPLIST_FILE = WeatherTests/Info.plist;
				LD_RUNPATH_SEARCH_PATHS = "$(inherited) @executable_path/Frameworks @loader_path/Frameworks";
				PRODUCT_BUNDLE_IDENTIFIER = com.oliverportfolio.WeatherTests;
				PRODUCT_NAME = "$(TARGET_NAME)";
				SWIFT_VERSION = 3.0;
				TEST_HOST = "$(BUILT_PRODUCTS_DIR)/Weather.app/Weather";
			};
			name = Release;
		};
		A7BE55E9218A989B00631C06 /* Debug */ = {
			isa = XCBuildConfiguration;
			buildSettings = {
				ALWAYS_EMBED_SWIFT_STANDARD_LIBRARIES = YES;
				DEVELOPMENT_TEAM = 7Q4532Y2KQ;
				INFOPLIST_FILE = WeatherUITests/Info.plist;
				LD_RUNPATH_SEARCH_PATHS = "$(inherited) @executable_path/Frameworks @loader_path/Frameworks";
				PRODUCT_BUNDLE_IDENTIFIER = com.oliverportfolio.WeatherUITests;
				PRODUCT_NAME = "$(TARGET_NAME)";
				SWIFT_VERSION = 3.0;
				TEST_TARGET_NAME = Weather;
			};
			name = Debug;
		};
		A7BE55EA218A989B00631C06 /* Release */ = {
			isa = XCBuildConfiguration;
			buildSettings = {
				ALWAYS_EMBED_SWIFT_STANDARD_LIBRARIES = YES;
				DEVELOPMENT_TEAM = 7Q4532Y2KQ;
				INFOPLIST_FILE = WeatherUITests/Info.plist;
				LD_RUNPATH_SEARCH_PATHS = "$(inherited) @executable_path/Frameworks @loader_path/Frameworks";
				PRODUCT_BUNDLE_IDENTIFIER = com.oliverportfolio.WeatherUITests;
				PRODUCT_NAME = "$(TARGET_NAME)";
				SWIFT_VERSION = 3.0;
				TEST_TARGET_NAME = Weather;
			};
			name = Release;
		};
/* End XCBuildConfiguration section */

/* Begin XCConfigurationList section */
		A7BE55B5218A989B00631C06 /* Build configuration list for PBXProject "Weather" */ = {
			isa = XCConfigurationList;
			buildConfigurations = (
				A7BE55E0218A989B00631C06 /* Debug */,
				A7BE55E1218A989B00631C06 /* Release */,
			);
			defaultConfigurationIsVisible = 0;
			defaultConfigurationName = Release;
		};
		A7BE55E2218A989B00631C06 /* Build configuration list for PBXNativeTarget "Weather" */ = {
			isa = XCConfigurationList;
			buildConfigurations = (
				A7BE55E3218A989B00631C06 /* Debug */,
				A7BE55E4218A989B00631C06 /* Release */,
			);
			defaultConfigurationIsVisible = 0;
			defaultConfigurationName = Release;
		};
		A7BE55E5218A989B00631C06 /* Build configuration list for PBXNativeTarget "WeatherTests" */ = {
			isa = XCConfigurationList;
			buildConfigurations = (
				A7BE55E6218A989B00631C06 /* Debug */,
				A7BE55E7218A989B00631C06 /* Release */,
			);
			defaultConfigurationIsVisible = 0;
			defaultConfigurationName = Release;
		};
		A7BE55E8218A989B00631C06 /* Build configuration list for PBXNativeTarget "WeatherUITests" */ = {
			isa = XCConfigurationList;
			buildConfigurations = (
				A7BE55E9218A989B00631C06 /* Debug */,
				A7BE55EA218A989B00631C06 /* Release */,
			);
			defaultConfigurationIsVisible = 0;
			defaultConfigurationName = Release;
		};
/* End XCConfigurationList section */
	};
	rootObject = A7BE55B2218A989B00631C06 /* Project object */;
}
